
Microsoft Visual Studio Solution File, Format Version 12.00
# Visual Studio Version 17
VisualStudioVersion = 17.12.35527.113
MinimumVisualStudioVersion = 10.0.40219.1
Project("{FAE04EC0-301F-11D3-BF4B-00C04F79EFBC}") = "JPTools", "JPTools\JPTools.csproj", "{22D9AF1F-8491-4C8B-8168-DB9FD25E1696}"
EndProject
Global
	GlobalSection(SolutionConfigurationPlatforms) = preSolution
		1.1|Any CPU = 1.1|Any CPU
		1.4|Any CPU = 1.4|Any CPU
		Debug|Any CPU = Debug|Any CPU
		Release|Any CPU = Release|Any CPU
	EndGlobalSection
	GlobalSection(ProjectConfigurationPlatforms) = postSolution
		{22D9AF1F-8491-4C8B-8168-DB9FD25E1696}.1.1|Any CPU.ActiveCfg = 1.1|Any CPU
		{22D9AF1F-8491-4C8B-8168-DB9FD25E1696}.1.1|Any CPU.Build.0 = 1.1|Any CPU
		{22D9AF1F-8491-4C8B-8168-DB9FD25E1696}.1.4|Any CPU.ActiveCfg = 1.4|Any CPU
		{22D9AF1F-8491-4C8B-8168-DB9FD25E1696}.1.4|Any CPU.Build.0 = 1.4|Any CPU
		{22D9AF1F-8491-4C8B-8168-DB9FD25E1696}.Debug|Any CPU.ActiveCfg = Release|Any CPU
		{22D9AF1F-8491-4C8B-8168-DB9FD25E1696}.Debug|Any CPU.Build.0 = Release|Any CPU
		{22D9AF1F-8491-4C8B-8168-DB9FD25E1696}.Release|Any CPU.ActiveCfg = Release|Any CPU
		{22D9AF1F-8491-4C8B-8168-DB9FD25E1696}.Release|Any CPU.Build.0 = Release|Any CPU
	EndGlobalSection
	GlobalSection(SolutionProperties) = preSolution
		HideSolutionNode = FALSE
	EndGlobalSection
	GlobalSection(ExtensibilityGlobals) = postSolution
		SolutionGuid = {1EDE4458-669F-46A9-BAC9-D2D09719ADFE}
	EndGlobalSection
EndGlobal
